{
  "name": "routes",
  "version": "1.0.0",
  "lockfileVersion": 1,
  "requires": true,
  "dependencies": {
    "mongo-parse": {
      "version": "2.1.0",
      "resolved": "https://registry.npmjs.org/mongo-parse/-/mongo-parse-2.1.0.tgz",
      "integrity": "sha1-ZkIugwdNwhw0SPhzYxyVAdjMtJM="
    }
  }
}
